
Microsoft Visual Studio Solution File, Format Version 12.00
# Visual Studio Version 17
VisualStudioVersion = 17.1.32328.378
MinimumVisualStudioVersion = 10.0.40219.1
Project("{FAE04EC0-301F-11D3-BF4B-00C04F79EFBC}") = "NLogProject", "NLogProject.csproj", "{FF2B81BA-593F-4D74-B7F6-8C55BA8EA251}"
EndProject
Global
	GlobalSection(SolutionConfigurationPlatforms) = preSolution
		Debug|Any CPU = Debug|Any CPU
		Release|Any CPU = Release|Any CPU
	EndGlobalSection
	GlobalSection(ProjectConfigurationPlatforms) = postSolution
		{FF2B81BA-593F-4D74-B7F6-8C55BA8EA251}.Debug|Any CPU.ActiveCfg = Debug|Any CPU
		{FF2B81BA-593F-4D74-B7F6-8C55BA8EA251}.Debug|Any CPU.Build.0 = Debug|Any CPU
		{FF2B81BA-593F-4D74-B7F6-8C55BA8EA251}.Release|Any CPU.ActiveCfg = Release|Any CPU
		{FF2B81BA-593F-4D74-B7F6-8C55BA8EA251}.Release|Any CPU.Build.0 = Release|Any CPU
	EndGlobalSection
	GlobalSection(SolutionProperties) = preSolution
		HideSolutionNode = FALSE
	EndGlobalSection
	GlobalSection(ExtensibilityGlobals) = postSolution
		SolutionGuid = {84777AF0-5E66-4093-A205-C3BDFCA7BCB4}
	EndGlobalSection
EndGlobal
